
Microsoft Visual Studio Solution File, Format Version 12.00
# Visual Studio Version 17
VisualStudioVersion = 17.5.002.0
MinimumVisualStudioVersion = 10.0.40219.1
Project("{9A19103F-16F7-4668-BE54-9A1E7A4F7556}") = "AgendamentoTarefasMVC", "AgendamentoTarefasMVC.csproj", "{C04DE7E0-FF82-474C-94DD-820AEA91EFEB}"
EndProject
Global
	GlobalSection(SolutionConfigurationPlatforms) = preSolution
		Debug|Any CPU = Debug|Any CPU
		Release|Any CPU = Release|Any CPU
	EndGlobalSection
	GlobalSection(ProjectConfigurationPlatforms) = postSolution
		{C04DE7E0-FF82-474C-94DD-820AEA91EFEB}.Debug|Any CPU.ActiveCfg = Debug|Any CPU
		{C04DE7E0-FF82-474C-94DD-820AEA91EFEB}.Debug|Any CPU.Build.0 = Debug|Any CPU
		{C04DE7E0-FF82-474C-94DD-820AEA91EFEB}.Release|Any CPU.ActiveCfg = Release|Any CPU
		{C04DE7E0-FF82-474C-94DD-820AEA91EFEB}.Release|Any CPU.Build.0 = Release|Any CPU
	EndGlobalSection
	GlobalSection(SolutionProperties) = preSolution
		HideSolutionNode = FALSE
	EndGlobalSection
	GlobalSection(ExtensibilityGlobals) = postSolution
		SolutionGuid = {CE8791FF-B6F3-41D2-A06F-D3FC1F91BE34}
	EndGlobalSection
EndGlobal
